// !$*UTF8*$!
{
	archiveVersion = 1;
	classes = {
	};
	objectVersion = 56;
	objects = {

/* Begin PBXBuildFile section */
		871C79F329D66525000FDF3F /* App.swift in Sources */ = {isa = PBXBuildFile; fileRef = 871C79F229D66525000FDF3F /* App.swift */; };
		871C79F729D66526000FDF3F /* Assets.xcassets in Resources */ = {isa = PBXBuildFile; fileRef = 871C79F629D66526000FDF3F /* Assets.xcassets */; };
		871C79FB29D66526000FDF3F /* Preview Assets.xcassets in Resources */ = {isa = PBXBuildFile; fileRef = 871C79FA29D66526000FDF3F /* Preview Assets.xcassets */; };
		871C7A0529D66526000FDF3F /* YapeMobileChallengeTests.swift in Sources */ = {isa = PBXBuildFile; fileRef = 871C7A0429D66526000FDF3F /* YapeMobileChallengeTests.swift */; };
		871C7A1E29D66705000FDF3F /* HomeView.swift in Sources */ = {isa = PBXBuildFile; fileRef = 871C7A1D29D66705000FDF3F /* HomeView.swift */; };
		871C7A2329D6790B000FDF3F /* RecipeDetailView.swift in Sources */ = {isa = PBXBuildFile; fileRef = 871C7A2229D6790B000FDF3F /* RecipeDetailView.swift */; };
		871C7A6129D68421000FDF3F /* Recipe.swift in Sources */ = {isa = PBXBuildFile; fileRef = 871C7A6029D68421000FDF3F /* Recipe.swift */; };
		871C7A6429D684EB000FDF3F /* CGFloat+Extensions.swift in Sources */ = {isa = PBXBuildFile; fileRef = 871C7A6329D684EB000FDF3F /* CGFloat+Extensions.swift */; };
		871C7A6729D68690000FDF3F /* Alamofire in Frameworks */ = {isa = PBXBuildFile; productRef = 871C7A6629D68690000FDF3F /* Alamofire */; };
		871C7A7329D68B18000FDF3F /* Network.swift in Sources */ = {isa = PBXBuildFile; fileRef = 871C7A7229D68B18000FDF3F /* Network.swift */; };
		871C7A7529D68BC3000FDF3F /* AppError.swift in Sources */ = {isa = PBXBuildFile; fileRef = 871C7A7429D68BC3000FDF3F /* AppError.swift */; };
		871C7A7729D68C1E000FDF3F /* Endpoint.swift in Sources */ = {isa = PBXBuildFile; fileRef = 871C7A7629D68C1E000FDF3F /* Endpoint.swift */; };
		871C7A7929D68FA6000FDF3F /* Network+Recipes.swift in Sources */ = {isa = PBXBuildFile; fileRef = 871C7A7829D68FA6000FDF3F /* Network+Recipes.swift */; };
		871C7A7F29D793AA000FDF3F /* View+Navigation.swift in Sources */ = {isa = PBXBuildFile; fileRef = 871C7A7E29D793AA000FDF3F /* View+Navigation.swift */; };
		876F6C3C29D8A89100339778 /* RecipeRowView.swift in Sources */ = {isa = PBXBuildFile; fileRef = 876F6C3B29D8A89100339778 /* RecipeRowView.swift */; };
		876F6C3E29D8B01800339778 /* View+Error.swift in Sources */ = {isa = PBXBuildFile; fileRef = 876F6C3D29D8B01800339778 /* View+Error.swift */; };
		876F6C4229D9212200339778 /* View+Extensions.swift in Sources */ = {isa = PBXBuildFile; fileRef = 876F6C4129D9212200339778 /* View+Extensions.swift */; };
		876F6C4429D9311900339778 /* RecipeMapView.swift in Sources */ = {isa = PBXBuildFile; fileRef = 876F6C4329D9311900339778 /* RecipeMapView.swift */; };
		876F6C4629D9E5F700339778 /* Swizzle.swift in Sources */ = {isa = PBXBuildFile; fileRef = 876F6C4529D9E5F700339778 /* Swizzle.swift */; };
		876F6C4829DA3CCC00339778 /* UserDefaultsService.swift in Sources */ = {isa = PBXBuildFile; fileRef = 876F6C4729DA3CCC00339778 /* UserDefaultsService.swift */; };
		876F6C4B29DA502C00339778 /* HomeView+ViewModel.swift in Sources */ = {isa = PBXBuildFile; fileRef = 876F6C4A29DA502C00339778 /* HomeView+ViewModel.swift */; };
/* End PBXBuildFile section */

/* Begin PBXContainerItemProxy section */
		871C7A0129D66526000FDF3F /* PBXContainerItemProxy */ = {
			isa = PBXContainerItemProxy;
			containerPortal = 871C79E729D66525000FDF3F /* Project object */;
			proxyType = 1;
			remoteGlobalIDString = 871C79EE29D66525000FDF3F;
			remoteInfo = YapeMobileChallenge;
		};
		871C7A0B29D66526000FDF3F /* PBXContainerItemProxy */ = {
			isa = PBXContainerItemProxy;
			containerPortal = 871C79E729D66525000FDF3F /* Project object */;
			proxyType = 1;
			remoteGlobalIDString = 871C79EE29D66525000FDF3F;
			remoteInfo = YapeMobileChallenge;
		};
/* End PBXContainerItemProxy section */

/* Begin PBXFileReference section */
		871C79EF29D66525000FDF3F /* YapeMobileChallenge.app */ = {isa = PBXFileReference; explicitFileType = wrapper.application; includeInIndex = 0; path = YapeMobileChallenge.app; sourceTree = BUILT_PRODUCTS_DIR; };
		871C79F229D66525000FDF3F /* App.swift */ = {isa = PBXFileReference; lastKnownFileType = sourcecode.swift; path = App.swift; sourceTree = "<group>"; };
		871C79F629D66526000FDF3F /* Assets.xcassets */ = {isa = PBXFileReference; lastKnownFileType = folder.assetcatalog; path = Assets.xcassets; sourceTree = "<group>"; };
		871C79F829D66526000FDF3F /* YapeMobileChallenge.entitlements */ = {isa = PBXFileReference; lastKnownFileType = text.plist.entitlements; path = YapeMobileChallenge.entitlements; sourceTree = "<group>"; };
		871C79FA29D66526000FDF3F /* Preview Assets.xcassets */ = {isa = PBXFileReference; lastKnownFileType = folder.assetcatalog; path = "Preview Assets.xcassets"; sourceTree = "<group>"; };
		871C7A0029D66526000FDF3F /* YapeMobileChallengeTests.xctest */ = {isa = PBXFileReference; explicitFileType = wrapper.cfbundle; includeInIndex = 0; path = YapeMobileChallengeTests.xctest; sourceTree = BUILT_PRODUCTS_DIR; };
		871C7A0429D66526000FDF3F /* YapeMobileChallengeTests.swift */ = {isa = PBXFileReference; lastKnownFileType = sourcecode.swift; path = YapeMobileChallengeTests.swift; sourceTree = "<group>"; };
		871C7A0A29D66526000FDF3F /* YapeMobileChallengeUITests.xctest */ = {isa = PBXFileReference; explicitFileType = wrapper.cfbundle; includeInIndex = 0; path = YapeMobileChallengeUITests.xctest; sourceTree = BUILT_PRODUCTS_DIR; };
		871C7A1D29D66705000FDF3F /* HomeView.swift */ = {isa = PBXFileReference; lastKnownFileType = sourcecode.swift; path = HomeView.swift; sourceTree = "<group>"; };
		871C7A2229D6790B000FDF3F /* RecipeDetailView.swift */ = {isa = PBXFileReference; lastKnownFileType = sourcecode.swift; path = RecipeDetailView.swift; sourceTree = "<group>"; };
		871C7A6029D68421000FDF3F /* Recipe.swift */ = {isa = PBXFileReference; lastKnownFileType = sourcecode.swift; path = Recipe.swift; sourceTree = "<group>"; };
		871C7A6329D684EB000FDF3F /* CGFloat+Extensions.swift */ = {isa = PBXFileReference; lastKnownFileType = sourcecode.swift; path = "CGFloat+Extensions.swift"; sourceTree = "<group>"; };
		871C7A7229D68B18000FDF3F /* Network.swift */ = {isa = PBXFileReference; lastKnownFileType = sourcecode.swift; path = Network.swift; sourceTree = "<group>"; };
		871C7A7429D68BC3000FDF3F /* AppError.swift */ = {isa = PBXFileReference; lastKnownFileType = sourcecode.swift; path = AppError.swift; sourceTree = "<group>"; };
		871C7A7629D68C1E000FDF3F /* Endpoint.swift */ = {isa = PBXFileReference; lastKnownFileType = sourcecode.swift; path = Endpoint.swift; sourceTree = "<group>"; };
		871C7A7829D68FA6000FDF3F /* Network+Recipes.swift */ = {isa = PBXFileReference; lastKnownFileType = sourcecode.swift; path = "Network+Recipes.swift"; sourceTree = "<group>"; };
		871C7A7E29D793AA000FDF3F /* View+Navigation.swift */ = {isa = PBXFileReference; lastKnownFileType = sourcecode.swift; path = "View+Navigation.swift"; sourceTree = "<group>"; };
		876F6C3B29D8A89100339778 /* RecipeRowView.swift */ = {isa = PBXFileReference; lastKnownFileType = sourcecode.swift; path = RecipeRowView.swift; sourceTree = "<group>"; };
		876F6C3D29D8B01800339778 /* View+Error.swift */ = {isa = PBXFileReference; lastKnownFileType = sourcecode.swift; path = "View+Error.swift"; sourceTree = "<group>"; };
		876F6C4129D9212200339778 /* View+Extensions.swift */ = {isa = PBXFileReference; lastKnownFileType = sourcecode.swift; path = "View+Extensions.swift"; sourceTree = "<group>"; };
		876F6C4329D9311900339778 /* RecipeMapView.swift */ = {isa = PBXFileReference; lastKnownFileType = sourcecode.swift; path = RecipeMapView.swift; sourceTree = "<group>"; };
		876F6C4529D9E5F700339778 /* Swizzle.swift */ = {isa = PBXFileReference; lastKnownFileType = sourcecode.swift; path = Swizzle.swift; sourceTree = "<group>"; };
		876F6C4729DA3CCC00339778 /* UserDefaultsService.swift */ = {isa = PBXFileReference; lastKnownFileType = sourcecode.swift; path = UserDefaultsService.swift; sourceTree = "<group>"; };
		876F6C4A29DA502C00339778 /* HomeView+ViewModel.swift */ = {isa = PBXFileReference; lastKnownFileType = sourcecode.swift; path = "HomeView+ViewModel.swift"; sourceTree = "<group>"; };
/* End PBXFileReference section */

/* Begin PBXFrameworksBuildPhase section */
		871C79EC29D66525000FDF3F /* Frameworks */ = {
			isa = PBXFrameworksBuildPhase;
			buildActionMask = 2147483647;
			files = (
				871C7A6729D68690000FDF3F /* Alamofire in Frameworks */,
			);
			runOnlyForDeploymentPostprocessing = 0;
		};
		871C79FD29D66526000FDF3F /* Frameworks */ = {
			isa = PBXFrameworksBuildPhase;
			buildActionMask = 2147483647;
			files = (
			);
			runOnlyForDeploymentPostprocessing = 0;
		};
		871C7A0729D66526000FDF3F /* Frameworks */ = {
			isa = PBXFrameworksBuildPhase;
			buildActionMask = 2147483647;
			files = (
			);
			runOnlyForDeploymentPostprocessing = 0;
		};
/* End PBXFrameworksBuildPhase section */

/* Begin PBXGroup section */
		871C79E629D66525000FDF3F = {
			isa = PBXGroup;
			children = (
				871C79F829D66526000FDF3F /* YapeMobileChallenge.entitlements */,
				871C79F129D66525000FDF3F /* App */,
				871C7A0329D66526000FDF3F /* YapeMobileChallengeTests */,
				871C79F029D66525000FDF3F /* Products */,
			);
			sourceTree = "<group>";
		};
		871C79F029D66525000FDF3F /* Products */ = {
			isa = PBXGroup;
			children = (
				871C79EF29D66525000FDF3F /* YapeMobileChallenge.app */,
				871C7A0029D66526000FDF3F /* YapeMobileChallengeTests.xctest */,
				871C7A0A29D66526000FDF3F /* YapeMobileChallengeUITests.xctest */,
			);
			name = Products;
			sourceTree = "<group>";
		};
		871C79F129D66525000FDF3F /* App */ = {
			isa = PBXGroup;
			children = (
				871C79F229D66525000FDF3F /* App.swift */,
				876F6C4929DA3DF200339778 /* Services */,
				871C7A6929D686FA000FDF3F /* Views */,
				871C7A6829D686F2000FDF3F /* Models */,
				871C7A7129D68B03000FDF3F /* Network */,
				871C7A6229D684DC000FDF3F /* Extensions */,
				871C79F929D66526000FDF3F /* Resources */,
			);
			path = App;
			sourceTree = "<group>";
		};
		871C79F929D66526000FDF3F /* Resources */ = {
			isa = PBXGroup;
			children = (
				871C79F629D66526000FDF3F /* Assets.xcassets */,
				871C7A5F29D681E9000FDF3F /* Preview Content */,
			);
			path = Resources;
			sourceTree = "<group>";
		};
		871C7A0329D66526000FDF3F /* YapeMobileChallengeTests */ = {
			isa = PBXGroup;
			children = (
				871C7A0429D66526000FDF3F /* YapeMobileChallengeTests.swift */,
			);
			path = YapeMobileChallengeTests;
			sourceTree = "<group>";
		};
		871C7A5F29D681E9000FDF3F /* Preview Content */ = {
			isa = PBXGroup;
			children = (
				871C79FA29D66526000FDF3F /* Preview Assets.xcassets */,
			);
			path = "Preview Content";
			sourceTree = "<group>";
		};
		871C7A6229D684DC000FDF3F /* Extensions */ = {
			isa = PBXGroup;
			children = (
				871C7A6329D684EB000FDF3F /* CGFloat+Extensions.swift */,
				871C7A7E29D793AA000FDF3F /* View+Navigation.swift */,
				876F6C4529D9E5F700339778 /* Swizzle.swift */,
				876F6C4129D9212200339778 /* View+Extensions.swift */,
				876F6C3D29D8B01800339778 /* View+Error.swift */,
			);
			path = Extensions;
			sourceTree = "<group>";
		};
		871C7A6829D686F2000FDF3F /* Models */ = {
			isa = PBXGroup;
			children = (
				871C7A6029D68421000FDF3F /* Recipe.swift */,
				871C7A7429D68BC3000FDF3F /* AppError.swift */,
			);
			path = Models;
			sourceTree = "<group>";
		};
		871C7A6929D686FA000FDF3F /* Views */ = {
			isa = PBXGroup;
			children = (
				876F6C3829D8A78100339778 /* Home */,
				876F6C3A29D8A87F00339778 /* RecipeRow */,
				876F6C3929D8A78E00339778 /* RecipeDetail */,
			);
			path = Views;
			sourceTree = "<group>";
		};
		871C7A7129D68B03000FDF3F /* Network */ = {
			isa = PBXGroup;
			children = (
				871C7A7229D68B18000FDF3F /* Network.swift */,
				871C7A7829D68FA6000FDF3F /* Network+Recipes.swift */,
				871C7A7629D68C1E000FDF3F /* Endpoint.swift */,
			);
			path = Network;
			sourceTree = "<group>";
		};
		876F6C3829D8A78100339778 /* Home */ = {
			isa = PBXGroup;
			children = (
				871C7A1D29D66705000FDF3F /* HomeView.swift */,
				876F6C4A29DA502C00339778 /* HomeView+ViewModel.swift */,
			);
			path = Home;
			sourceTree = "<group>";
		};
		876F6C3929D8A78E00339778 /* RecipeDetail */ = {
			isa = PBXGroup;
			children = (
				871C7A2229D6790B000FDF3F /* RecipeDetailView.swift */,
				876F6C4329D9311900339778 /* RecipeMapView.swift */,
			);
			path = RecipeDetail;
			sourceTree = "<group>";
		};
		876F6C3A29D8A87F00339778 /* RecipeRow */ = {
			isa = PBXGroup;
			children = (
				876F6C3B29D8A89100339778 /* RecipeRowView.swift */,
			);
			path = RecipeRow;
			sourceTree = "<group>";
		};
		876F6C4929DA3DF200339778 /* Services */ = {
			isa = PBXGroup;
			children = (
				876F6C4729DA3CCC00339778 /* UserDefaultsService.swift */,
			);
			path = Services;
			sourceTree = "<group>";
		};
/* End PBXGroup section */

/* Begin PBXNativeTarget section */
		871C79EE29D66525000FDF3F /* YapeMobileChallenge */ = {
			isa = PBXNativeTarget;
			buildConfigurationList = 871C7A1429D66526000FDF3F /* Build configuration list for PBXNativeTarget "YapeMobileChallenge" */;
			buildPhases = (
				871C79EB29D66525000FDF3F /* Sources */,
				871C79EC29D66525000FDF3F /* Frameworks */,
				871C79ED29D66525000FDF3F /* Resources */,
			);
			buildRules = (
			);
			dependencies = (
			);
			name = YapeMobileChallenge;
			packageProductDependencies = (
				871C7A6629D68690000FDF3F /* Alamofire */,
			);
			productName = YapeMobileChallenge;
			productReference = 871C79EF29D66525000FDF3F /* YapeMobileChallenge.app */;
			productType = "com.apple.product-type.application";
		};
		871C79FF29D66526000FDF3F /* YapeMobileChallengeTests */ = {
			isa = PBXNativeTarget;
			buildConfigurationList = 871C7A1729D66526000FDF3F /* Build configuration list for PBXNativeTarget "YapeMobileChallengeTests" */;
			buildPhases = (
				871C79FC29D66526000FDF3F /* Sources */,
				871C79FD29D66526000FDF3F /* Frameworks */,
				871C79FE29D66526000FDF3F /* Resources */,
			);
			buildRules = (
			);
			dependencies = (
				871C7A0229D66526000FDF3F /* PBXTargetDependency */,
			);
			name = YapeMobileChallengeTests;
			productName = YapeMobileChallengeTests;
			productReference = 871C7A0029D66526000FDF3F /* YapeMobileChallengeTests.xctest */;
			productType = "com.apple.product-type.bundle.unit-test";
		};
		871C7A0929D66526000FDF3F /* YapeMobileChallengeUITests */ = {
			isa = PBXNativeTarget;
			buildConfigurationList = 871C7A1A29D66526000FDF3F /* Build configuration list for PBXNativeTarget "YapeMobileChallengeUITests" */;
			buildPhases = (
				871C7A0629D66526000FDF3F /* Sources */,
				871C7A0729D66526000FDF3F /* Frameworks */,
				871C7A0829D66526000FDF3F /* Resources */,
			);
			buildRules = (
			);
			dependencies = (
				871C7A0C29D66526000FDF3F /* PBXTargetDependency */,
			);
			name = YapeMobileChallengeUITests;
			productName = YapeMobileChallengeUITests;
			productReference = 871C7A0A29D66526000FDF3F /* YapeMobileChallengeUITests.xctest */;
			productType = "com.apple.product-type.bundle.ui-testing";
		};
/* End PBXNativeTarget section */

/* Begin PBXProject section */
		871C79E729D66525000FDF3F /* Project object */ = {
			isa = PBXProject;
			attributes = {
				BuildIndependentTargetsInParallel = 1;
				LastSwiftUpdateCheck = 1420;
				LastUpgradeCheck = 1420;
				TargetAttributes = {
					871C79EE29D66525000FDF3F = {
						CreatedOnToolsVersion = 14.2;
					};
					871C79FF29D66526000FDF3F = {
						CreatedOnToolsVersion = 14.2;
						TestTargetID = 871C79EE29D66525000FDF3F;
					};
					871C7A0929D66526000FDF3F = {
						CreatedOnToolsVersion = 14.2;
						TestTargetID = 871C79EE29D66525000FDF3F;
					};
				};
			};
			buildConfigurationList = 871C79EA29D66525000FDF3F /* Build configuration list for PBXProject "YapeMobileChallenge" */;
			compatibilityVersion = "Xcode 14.0";
			developmentRegion = en;
			hasScannedForEncodings = 0;
			knownRegions = (
				en,
				Base,
			);
			mainGroup = 871C79E629D66525000FDF3F;
			packageReferences = (
				871C7A6529D68690000FDF3F /* XCRemoteSwiftPackageReference "Alamofire" */,
			);
			productRefGroup = 871C79F029D66525000FDF3F /* Products */;
			projectDirPath = "";
			projectRoot = "";
			targets = (
				871C79EE29D66525000FDF3F /* YapeMobileChallenge */,
				871C79FF29D66526000FDF3F /* YapeMobileChallengeTests */,
				871C7A0929D66526000FDF3F /* YapeMobileChallengeUITests */,
			);
		};
/* End PBXProject section */

/* Begin PBXResourcesBuildPhase section */
		871C79ED29D66525000FDF3F /* Resources */ = {
			isa = PBXResourcesBuildPhase;
			buildActionMask = 2147483647;
			files = (
				871C79FB29D66526000FDF3F /* Preview Assets.xcassets in Resources */,
				871C79F729D66526000FDF3F /* Assets.xcassets in Resources */,
			);
			runOnlyForDeploymentPostprocessing = 0;
		};
		871C79FE29D66526000FDF3F /* Resources */ = {
			isa = PBXResourcesBuildPhase;
			buildActionMask = 2147483647;
			files = (
			);
			runOnlyForDeploymentPostprocessing = 0;
		};
		871C7A0829D66526000FDF3F /* Resources */ = {
			isa = PBXResourcesBuildPhase;
			buildActionMask = 2147483647;
			files = (
			);
			runOnlyForDeploymentPostprocessing = 0;
		};
/* End PBXResourcesBuildPhase section */

/* Begin PBXSourcesBuildPhase section */
		871C79EB29D66525000FDF3F /* Sources */ = {
			isa = PBXSourcesBuildPhase;
			buildActionMask = 2147483647;
			files = (
				871C7A6429D684EB000FDF3F /* CGFloat+Extensions.swift in Sources */,
				871C7A1E29D66705000FDF3F /* HomeView.swift in Sources */,
				876F6C4429D9311900339778 /* RecipeMapView.swift in Sources */,
				871C7A7529D68BC3000FDF3F /* AppError.swift in Sources */,
				871C7A2329D6790B000FDF3F /* RecipeDetailView.swift in Sources */,
				871C7A7929D68FA6000FDF3F /* Network+Recipes.swift in Sources */,
				871C7A6129D68421000FDF3F /* Recipe.swift in Sources */,
				876F6C4829DA3CCC00339778 /* UserDefaultsService.swift in Sources */,
				876F6C3C29D8A89100339778 /* RecipeRowView.swift in Sources */,
				876F6C4B29DA502C00339778 /* HomeView+ViewModel.swift in Sources */,
				871C7A7F29D793AA000FDF3F /* View+Navigation.swift in Sources */,
				871C7A7329D68B18000FDF3F /* Network.swift in Sources */,
				876F6C4229D9212200339778 /* View+Extensions.swift in Sources */,
				876F6C3E29D8B01800339778 /* View+Error.swift in Sources */,
				876F6C4629D9E5F700339778 /* Swizzle.swift in Sources */,
				871C79F329D66525000FDF3F /* App.swift in Sources */,
				871C7A7729D68C1E000FDF3F /* Endpoint.swift in Sources */,
			);
			runOnlyForDeploymentPostprocessing = 0;
		};
		871C79FC29D66526000FDF3F /* Sources */ = {
			isa = PBXSourcesBuildPhase;
			buildActionMask = 2147483647;
			files = (
				871C7A0529D66526000FDF3F /* YapeMobileChallengeTests.swift in Sources */,
			);
			runOnlyForDeploymentPostprocessing = 0;
		};
		871C7A0629D66526000FDF3F /* Sources */ = {
			isa = PBXSourcesBuildPhase;
			buildActionMask = 2147483647;
			files = (
			);
			runOnlyForDeploymentPostprocessing = 0;
		};
/* End PBXSourcesBuildPhase section */

/* Begin PBXTargetDependency section */
		871C7A0229D66526000FDF3F /* PBXTargetDependency */ = {
			isa = PBXTargetDependency;
			target = 871C79EE29D66525000FDF3F /* YapeMobileChallenge */;
			targetProxy = 871C7A0129D66526000FDF3F /* PBXContainerItemProxy */;
		};
		871C7A0C29D66526000FDF3F /* PBXTargetDependency */ = {
			isa = PBXTargetDependency;
			target = 871C79EE29D66525000FDF3F /* YapeMobileChallenge */;
			targetProxy = 871C7A0B29D66526000FDF3F /* PBXContainerItemProxy */;
		};
/* End PBXTargetDependency section */

/* Begin XCBuildConfiguration section */
		871C7A1229D66526000FDF3F /* Debug */ = {
			isa = XCBuildConfiguration;
			buildSettings = {
				ALWAYS_SEARCH_USER_PATHS = NO;
				CLANG_ANALYZER_NONNULL = YES;
				CLANG_ANALYZER_NUMBER_OBJECT_CONVERSION = YES_AGGRESSIVE;
				CLANG_CXX_LANGUAGE_STANDARD = "gnu++20";
				CLANG_ENABLE_MODULES = YES;
				CLANG_ENABLE_OBJC_ARC = YES;
				CLANG_ENABLE_OBJC_WEAK = YES;
				CLANG_WARN_BLOCK_CAPTURE_AUTORELEASING = YES;
				CLANG_WARN_BOOL_CONVERSION = YES;
				CLANG_WARN_COMMA = YES;
				CLANG_WARN_CONSTANT_CONVERSION = YES;
				CLANG_WARN_DEPRECATED_OBJC_IMPLEMENTATIONS = YES;
				CLANG_WARN_DIRECT_OBJC_ISA_USAGE = YES_ERROR;
				CLANG_WARN_DOCUMENTATION_COMMENTS = YES;
				CLANG_WARN_EMPTY_BODY = YES;
				CLANG_WARN_ENUM_CONVERSION = YES;
				CLANG_WARN_INFINITE_RECURSION = YES;
				CLANG_WARN_INT_CONVERSION = YES;
				CLANG_WARN_NON_LITERAL_NULL_CONVERSION = YES;
				CLANG_WARN_OBJC_IMPLICIT_RETAIN_SELF = YES;
				CLANG_WARN_OBJC_LITERAL_CONVERSION = YES;
				CLANG_WARN_OBJC_ROOT_CLASS = YES_ERROR;
				CLANG_WARN_QUOTED_INCLUDE_IN_FRAMEWORK_HEADER = YES;
				CLANG_WARN_RANGE_LOOP_ANALYSIS = YES;
				CLANG_WARN_STRICT_PROTOTYPES = YES;
				CLANG_WARN_SUSPICIOUS_MOVE = YES;
				CLANG_WARN_UNGUARDED_AVAILABILITY = YES_AGGRESSIVE;
				CLANG_WARN_UNREACHABLE_CODE = YES;
				CLANG_WARN__DUPLICATE_METHOD_MATCH = YES;
				COPY_PHASE_STRIP = NO;
				DEBUG_INFORMATION_FORMAT = dwarf;
				ENABLE_STRICT_OBJC_MSGSEND = YES;
				ENABLE_TESTABILITY = YES;
				GCC_C_LANGUAGE_STANDARD = gnu11;
				GCC_DYNAMIC_NO_PIC = NO;
				GCC_NO_COMMON_BLOCKS = YES;
				GCC_OPTIMIZATION_LEVEL = 0;
				GCC_PREPROCESSOR_DEFINITIONS = (
					"DEBUG=1",
					"$(inherited)",
				);
				GCC_WARN_64_TO_32_BIT_CONVERSION = YES;
				GCC_WARN_ABOUT_RETURN_TYPE = YES_ERROR;
				GCC_WARN_UNDECLARED_SELECTOR = YES;
				GCC_WARN_UNINITIALIZED_AUTOS = YES_AGGRESSIVE;
				GCC_WARN_UNUSED_FUNCTION = YES;
				GCC_WARN_UNUSED_VARIABLE = YES;
				MTL_ENABLE_DEBUG_INFO = INCLUDE_SOURCE;
				MTL_FAST_MATH = YES;
				ONLY_ACTIVE_ARCH = YES;
				SWIFT_ACTIVE_COMPILATION_CONDITIONS = DEBUG;
				SWIFT_OPTIMIZATION_LEVEL = "-Onone";
			};
			name = Debug;
		};
		871C7A1329D66526000FDF3F /* Release */ = {
			isa = XCBuildConfiguration;
			buildSettings = {
				ALWAYS_SEARCH_USER_PATHS = NO;
				CLANG_ANALYZER_NONNULL = YES;
				CLANG_ANALYZER_NUMBER_OBJECT_CONVERSION = YES_AGGRESSIVE;
				CLANG_CXX_LANGUAGE_STANDARD = "gnu++20";
				CLANG_ENABLE_MODULES = YES;
				CLANG_ENABLE_OBJC_ARC = YES;
				CLANG_ENABLE_OBJC_WEAK = YES;
				CLANG_WARN_BLOCK_CAPTURE_AUTORELEASING = YES;
				CLANG_WARN_BOOL_CONVERSION = YES;
				CLANG_WARN_COMMA = YES;
				CLANG_WARN_CONSTANT_CONVERSION = YES;
				CLANG_WARN_DEPRECATED_OBJC_IMPLEMENTATIONS = YES;
				CLANG_WARN_DIRECT_OBJC_ISA_USAGE = YES_ERROR;
				CLANG_WARN_DOCUMENTATION_COMMENTS = YES;
				CLANG_WARN_EMPTY_BODY = YES;
				CLANG_WARN_ENUM_CONVERSION = YES;
				CLANG_WARN_INFINITE_RECURSION = YES;
				CLANG_WARN_INT_CONVERSION = YES;
				CLANG_WARN_NON_LITERAL_NULL_CONVERSION = YES;
				CLANG_WARN_OBJC_IMPLICIT_RETAIN_SELF = YES;
				CLANG_WARN_OBJC_LITERAL_CONVERSION = YES;
				CLANG_WARN_OBJC_ROOT_CLASS = YES_ERROR;
				CLANG_WARN_QUOTED_INCLUDE_IN_FRAMEWORK_HEADER = YES;
				CLANG_WARN_RANGE_LOOP_ANALYSIS = YES;
				CLANG_WARN_STRICT_PROTOTYPES = YES;
				CLANG_WARN_SUSPICIOUS_MOVE = YES;
				CLANG_WARN_UNGUARDED_AVAILABILITY = YES_AGGRESSIVE;
				CLANG_WARN_UNREACHABLE_CODE = YES;
				CLANG_WARN__DUPLICATE_METHOD_MATCH = YES;
				COPY_PHASE_STRIP = NO;
				DEBUG_INFORMATION_FORMAT = "dwarf-with-dsym";
				ENABLE_NS_ASSERTIONS = NO;
				ENABLE_STRICT_OBJC_MSGSEND = YES;
				GCC_C_LANGUAGE_STANDARD = gnu11;
				GCC_NO_COMMON_BLOCKS = YES;
				GCC_WARN_64_TO_32_BIT_CONVERSION = YES;
				GCC_WARN_ABOUT_RETURN_TYPE = YES_ERROR;
				GCC_WARN_UNDECLARED_SELECTOR = YES;
				GCC_WARN_UNINITIALIZED_AUTOS = YES_AGGRESSIVE;
				GCC_WARN_UNUSED_FUNCTION = YES;
				GCC_WARN_UNUSED_VARIABLE = YES;
				MTL_ENABLE_DEBUG_INFO = NO;
				MTL_FAST_MATH = YES;
				SWIFT_COMPILATION_MODE = wholemodule;
				SWIFT_OPTIMIZATION_LEVEL = "-O";
			};
			name = Release;
		};
		871C7A1529D66526000FDF3F /* Debug */ = {
			isa = XCBuildConfiguration;
			buildSettings = {
				ASSETCATALOG_COMPILER_APPICON_NAME = AppIcon;
				ASSETCATALOG_COMPILER_GLOBAL_ACCENT_COLOR_NAME = AccentColor;
				CODE_SIGN_ENTITLEMENTS = YapeMobileChallenge.entitlements;
				CODE_SIGN_STYLE = Automatic;
				CURRENT_PROJECT_VERSION = 1;
				DEVELOPMENT_ASSET_PATHS = "\"App/Resources/Preview Content\"";
				DEVELOPMENT_TEAM = V4U797639M;
				ENABLE_HARDENED_RUNTIME = YES;
				ENABLE_PREVIEWS = YES;
				GENERATE_INFOPLIST_FILE = YES;
				"INFOPLIST_KEY_UIApplicationSceneManifest_Generation[sdk=iphoneos*]" = YES;
				"INFOPLIST_KEY_UIApplicationSceneManifest_Generation[sdk=iphonesimulator*]" = YES;
				"INFOPLIST_KEY_UIApplicationSupportsIndirectInputEvents[sdk=iphoneos*]" = YES;
				"INFOPLIST_KEY_UIApplicationSupportsIndirectInputEvents[sdk=iphonesimulator*]" = YES;
				"INFOPLIST_KEY_UILaunchScreen_Generation[sdk=iphoneos*]" = YES;
				"INFOPLIST_KEY_UILaunchScreen_Generation[sdk=iphonesimulator*]" = YES;
				"INFOPLIST_KEY_UIStatusBarStyle[sdk=iphoneos*]" = UIStatusBarStyleDefault;
				"INFOPLIST_KEY_UIStatusBarStyle[sdk=iphonesimulator*]" = UIStatusBarStyleDefault;
				INFOPLIST_KEY_UISupportedInterfaceOrientations_iPad = "UIInterfaceOrientationPortrait UIInterfaceOrientationPortraitUpsideDown UIInterfaceOrientationLandscapeLeft UIInterfaceOrientationLandscapeRight";
				INFOPLIST_KEY_UISupportedInterfaceOrientations_iPhone = "UIInterfaceOrientationPortrait UIInterfaceOrientationLandscapeLeft UIInterfaceOrientationLandscapeRight";
				IPHONEOS_DEPLOYMENT_TARGET = 16.2;
				LD_RUNPATH_SEARCH_PATHS = "@executable_path/Frameworks";
				"LD_RUNPATH_SEARCH_PATHS[sdk=macosx*]" = "@executable_path/../Frameworks";
				MACOSX_DEPLOYMENT_TARGET = 12.6;
				MARKETING_VERSION = 1.0;
				PRODUCT_BUNDLE_IDENTIFIER = lariapp.YapeMobileChallenge;
				PRODUCT_NAME = "$(TARGET_NAME)";
				SDKROOT = auto;
				SUPPORTED_PLATFORMS = "iphoneos iphonesimulator macosx";
				SWIFT_EMIT_LOC_STRINGS = YES;
				SWIFT_VERSION = 5.0;
				TARGETED_DEVICE_FAMILY = "1,2";
			};
			name = Debug;
		};
		871C7A1629D66526000FDF3F /* Release */ = {
			isa = XCBuildConfiguration;
			buildSettings = {
				ASSETCATALOG_COMPILER_APPICON_NAME = AppIcon;
				ASSETCATALOG_COMPILER_GLOBAL_ACCENT_COLOR_NAME = AccentColor;
				CODE_SIGN_ENTITLEMENTS = YapeMobileChallenge.entitlements;
				CODE_SIGN_STYLE = Automatic;
				CURRENT_PROJECT_VERSION = 1;
				DEVELOPMENT_ASSET_PATHS = "\"App/Resources/Preview Content\"";
				DEVELOPMENT_TEAM = V4U797639M;
				ENABLE_HARDENED_RUNTIME = YES;
				ENABLE_PREVIEWS = YES;
				GENERATE_INFOPLIST_FILE = YES;
				"INFOPLIST_KEY_UIApplicationSceneManifest_Generation[sdk=iphoneos*]" = YES;
				"INFOPLIST_KEY_UIApplicationSceneManifest_Generation[sdk=iphonesimulator*]" = YES;
				"INFOPLIST_KEY_UIApplicationSupportsIndirectInputEvents[sdk=iphoneos*]" = YES;
				"INFOPLIST_KEY_UIApplicationSupportsIndirectInputEvents[sdk=iphonesimulator*]" = YES;
				"INFOPLIST_KEY_UILaunchScreen_Generation[sdk=iphoneos*]" = YES;
				"INFOPLIST_KEY_UILaunchScreen_Generation[sdk=iphonesimulator*]" = YES;
				"INFOPLIST_KEY_UIStatusBarStyle[sdk=iphoneos*]" = UIStatusBarStyleDefault;
				"INFOPLIST_KEY_UIStatusBarStyle[sdk=iphonesimulator*]" = UIStatusBarStyleDefault;
				INFOPLIST_KEY_UISupportedInterfaceOrientations_iPad = "UIInterfaceOrientationPortrait UIInterfaceOrientationPortraitUpsideDown UIInterfaceOrientationLandscapeLeft UIInterfaceOrientationLandscapeRight";
				INFOPLIST_KEY_UISupportedInterfaceOrientations_iPhone = "UIInterfaceOrientationPortrait UIInterfaceOrientationLandscapeLeft UIInterfaceOrientationLandscapeRight";
				IPHONEOS_DEPLOYMENT_TARGET = 16.2;
				LD_RUNPATH_SEARCH_PATHS = "@executable_path/Frameworks";
				"LD_RUNPATH_SEARCH_PATHS[sdk=macosx*]" = "@executable_path/../Frameworks";
				MACOSX_DEPLOYMENT_TARGET = 12.6;
				MARKETING_VERSION = 1.0;
				PRODUCT_BUNDLE_IDENTIFIER = lariapp.YapeMobileChallenge;
				PRODUCT_NAME = "$(TARGET_NAME)";
				SDKROOT = auto;
				SUPPORTED_PLATFORMS = "iphoneos iphonesimulator macosx";
				SWIFT_EMIT_LOC_STRINGS = YES;
				SWIFT_VERSION = 5.0;
				TARGETED_DEVICE_FAMILY = "1,2";
			};
			name = Release;
		};
		871C7A1829D66526000FDF3F /* Debug */ = {
			isa = XCBuildConfiguration;
			buildSettings = {
				ALWAYS_EMBED_SWIFT_STANDARD_LIBRARIES = YES;
				BUNDLE_LOADER = "$(TEST_HOST)";
				CODE_SIGN_STYLE = Automatic;
				CURRENT_PROJECT_VERSION = 1;
				DEVELOPMENT_TEAM = V4U797639M;
				GENERATE_INFOPLIST_FILE = YES;
				IPHONEOS_DEPLOYMENT_TARGET = 16.2;
				MACOSX_DEPLOYMENT_TARGET = 12.6;
				MARKETING_VERSION = 1.0;
				PRODUCT_BUNDLE_IDENTIFIER = lariapp.YapeMobileChallengeTests;
				PRODUCT_NAME = "$(TARGET_NAME)";
				SDKROOT = auto;
				SUPPORTED_PLATFORMS = "iphoneos iphonesimulator macosx";
				SWIFT_EMIT_LOC_STRINGS = NO;
				SWIFT_VERSION = 5.0;
				TARGETED_DEVICE_FAMILY = "1,2";
				TEST_HOST = "$(BUILT_PRODUCTS_DIR)/YapeMobileChallenge.app/$(BUNDLE_EXECUTABLE_FOLDER_PATH)/YapeMobileChallenge";
			};
			name = Debug;
		};
		871C7A1929D66526000FDF3F /* Release */ = {
			isa = XCBuildConfiguration;
			buildSettings = {
				ALWAYS_EMBED_SWIFT_STANDARD_LIBRARIES = YES;
				BUNDLE_LOADER = "$(TEST_HOST)";
				CODE_SIGN_STYLE = Automatic;
				CURRENT_PROJECT_VERSION = 1;
				DEVELOPMENT_TEAM = V4U797639M;
				GENERATE_INFOPLIST_FILE = YES;
				IPHONEOS_DEPLOYMENT_TARGET = 16.2;
				MACOSX_DEPLOYMENT_TARGET = 12.6;
				MARKETING_VERSION = 1.0;
				PRODUCT_BUNDLE_IDENTIFIER = lariapp.YapeMobileChallengeTests;
				PRODUCT_NAME = "$(TARGET_NAME)";
				SDKROOT = auto;
				SUPPORTED_PLATFORMS = "iphoneos iphonesimulator macosx";
				SWIFT_EMIT_LOC_STRINGS = NO;
				SWIFT_VERSION = 5.0;
				TARGETED_DEVICE_FAMILY = "1,2";
				TEST_HOST = "$(BUILT_PRODUCTS_DIR)/YapeMobileChallenge.app/$(BUNDLE_EXECUTABLE_FOLDER_PATH)/YapeMobileChallenge";
			};
			name = Release;
		};
		871C7A1B29D66526000FDF3F /* Debug */ = {
			isa = XCBuildConfiguration;
			buildSettings = {
				ALWAYS_EMBED_SWIFT_STANDARD_LIBRARIES = YES;
				CODE_SIGN_STYLE = Automatic;
				CURRENT_PROJECT_VERSION = 1;
				DEVELOPMENT_TEAM = V4U797639M;
				GENERATE_INFOPLIST_FILE = YES;
				IPHONEOS_DEPLOYMENT_TARGET = 16.2;
				MACOSX_DEPLOYMENT_TARGET = 12.6;
				MARKETING_VERSION = 1.0;
				PRODUCT_BUNDLE_IDENTIFIER = lariapp.YapeMobileChallengeUITests;
				PRODUCT_NAME = "$(TARGET_NAME)";
				SDKROOT = auto;
				SUPPORTED_PLATFORMS = "iphoneos iphonesimulator macosx";
				SWIFT_EMIT_LOC_STRINGS = NO;
				SWIFT_VERSION = 5.0;
				TARGETED_DEVICE_FAMILY = "1,2";
				TEST_TARGET_NAME = YapeMobileChallenge;
			};
			name = Debug;
		};
		871C7A1C29D66526000FDF3F /* Release */ = {
			isa = XCBuildConfiguration;
			buildSettings = {
				ALWAYS_EMBED_SWIFT_STANDARD_LIBRARIES = YES;
				CODE_SIGN_STYLE = Automatic;
				CURRENT_PROJECT_VERSION = 1;
				DEVELOPMENT_TEAM = V4U797639M;
				GENERATE_INFOPLIST_FILE = YES;
				IPHONEOS_DEPLOYMENT_TARGET = 16.2;
				MACOSX_DEPLOYMENT_TARGET = 12.6;
				MARKETING_VERSION = 1.0;
				PRODUCT_BUNDLE_IDENTIFIER = lariapp.YapeMobileChallengeUITests;
				PRODUCT_NAME = "$(TARGET_NAME)";
				SDKROOT = auto;
				SUPPORTED_PLATFORMS = "iphoneos iphonesimulator macosx";
				SWIFT_EMIT_LOC_STRINGS = NO;
				SWIFT_VERSION = 5.0;
				TARGETED_DEVICE_FAMILY = "1,2";
				TEST_TARGET_NAME = YapeMobileChallenge;
			};
			name = Release;
		};
/* End XCBuildConfiguration section */

/* Begin XCConfigurationList section */
		871C79EA29D66525000FDF3F /* Build configuration list for PBXProject "YapeMobileChallenge" */ = {
			isa = XCConfigurationList;
			buildConfigurations = (
				871C7A1229D66526000FDF3F /* Debug */,
				871C7A1329D66526000FDF3F /* Release */,
			);
			defaultConfigurationIsVisible = 0;
			defaultConfigurationName = Release;
		};
		871C7A1429D66526000FDF3F /* Build configuration list for PBXNativeTarget "YapeMobileChallenge" */ = {
			isa = XCConfigurationList;
			buildConfigurations = (
				871C7A1529D66526000FDF3F /* Debug */,
				871C7A1629D66526000FDF3F /* Release */,
			);
			defaultConfigurationIsVisible = 0;
			defaultConfigurationName = Release;
		};
		871C7A1729D66526000FDF3F /* Build configuration list for PBXNativeTarget "YapeMobileChallengeTests" */ = {
			isa = XCConfigurationList;
			buildConfigurations = (
				871C7A1829D66526000FDF3F /* Debug */,
				871C7A1929D66526000FDF3F /* Release */,
			);
			defaultConfigurationIsVisible = 0;
			defaultConfigurationName = Release;
		};
		871C7A1A29D66526000FDF3F /* Build configuration list for PBXNativeTarget "YapeMobileChallengeUITests" */ = {
			isa = XCConfigurationList;
			buildConfigurations = (
				871C7A1B29D66526000FDF3F /* Debug */,
				871C7A1C29D66526000FDF3F /* Release */,
			);
			defaultConfigurationIsVisible = 0;
			defaultConfigurationName = Release;
		};
/* End XCConfigurationList section */

/* Begin XCRemoteSwiftPackageReference section */
		871C7A6529D68690000FDF3F /* XCRemoteSwiftPackageReference "Alamofire" */ = {
			isa = XCRemoteSwiftPackageReference;
			repositoryURL = "https://github.com/Alamofire/Alamofire.git";
			requirement = {
				kind = upToNextMajorVersion;
				minimumVersion = 5.6.1;
			};
		};
/* End XCRemoteSwiftPackageReference section */

/* Begin XCSwiftPackageProductDependency section */
		871C7A6629D68690000FDF3F /* Alamofire */ = {
			isa = XCSwiftPackageProductDependency;
			package = 871C7A6529D68690000FDF3F /* XCRemoteSwiftPackageReference "Alamofire" */;
			productName = Alamofire;
		};
/* End XCSwiftPackageProductDependency section */
	};
	rootObject = 871C79E729D66525000FDF3F /* Project object */;
}
